
Microsoft Visual Studio Solution File, Format Version 12.00
# Visual Studio Version 16
VisualStudioVersion = 16.0.810.18
MinimumVisualStudioVersion = 10.0.40219.1
Project("{FAE04EC0-301F-11D3-BF4B-00C04F79EFBC}") = "example-bi-directional-provider-dotnet", "example-bi-directional-provider-dotnet\example-bi-directional-provider-dotnet.csproj", "{85EEF023-99EB-4787-AE32-BD48A6401F10}"
EndProject
Global
	GlobalSection(SolutionConfigurationPlatforms) = preSolution
		Debug|Any CPU = Debug|Any CPU
		Release|Any CPU = Release|Any CPU
	EndGlobalSection
	GlobalSection(ProjectConfigurationPlatforms) = postSolution
		{85EEF023-99EB-4787-AE32-BD48A6401F10}.Debug|Any CPU.ActiveCfg = Debug|Any CPU
		{85EEF023-99EB-4787-AE32-BD48A6401F10}.Debug|Any CPU.Build.0 = Debug|Any CPU
		{85EEF023-99EB-4787-AE32-BD48A6401F10}.Release|Any CPU.ActiveCfg = Release|Any CPU
		{85EEF023-99EB-4787-AE32-BD48A6401F10}.Release|Any CPU.Build.0 = Release|Any CPU
	EndGlobalSection
	GlobalSection(SolutionProperties) = preSolution
		HideSolutionNode = FALSE
	EndGlobalSection
	GlobalSection(ExtensibilityGlobals) = postSolution
		SolutionGuid = {7B4FD18B-15B1-4A69-81AD-F8876DD3E19C}
	EndGlobalSection
EndGlobal
